// !$*UTF8*$!
{
	archiveVersion = 1;
	classes = {
	};
	objectVersion = 51;
	objects = {

/* Begin PBXBuildFile section */
		03786C6723DF2B5E0098F325 /* wildcard_broker_ru.cer in Resources */ = {isa = PBXBuildFile; fileRef = 03786C6623DF2B5E0098F325 /* wildcard_broker_ru.cer */; };
		4F9C498A2448E9C500B6CF3E /* Customizer.swift in Sources */ = {isa = PBXBuildFile; fileRef = 4F9C49892448E9C500B6CF3E /* Customizer.swift */; };
		4F9C499C2448E9EA00B6CF3E /* CustomBrokerAppFactory.swift in Sources */ = {isa = PBXBuildFile; fileRef = 4F9C498F2448E9D300B6CF3E /* CustomBrokerAppFactory.swift */; };
		4F9C499D2448E9EA00B6CF3E /* CustomAuthModuleFactory.swift in Sources */ = {isa = PBXBuildFile; fileRef = 4F9C49902448E9D300B6CF3E /* CustomAuthModuleFactory.swift */; };
		4F9C499E2448E9EA00B6CF3E /* CustomPortfelModuleFactory.swift in Sources */ = {isa = PBXBuildFile; fileRef = 4F9C49912448E9D300B6CF3E /* CustomPortfelModuleFactory.swift */; };
		4F9C499F2448E9EA00B6CF3E /* CustomUIKitModuleFactory.swift in Sources */ = {isa = PBXBuildFile; fileRef = 4F9C49922448E9D300B6CF3E /* CustomUIKitModuleFactory.swift */; };
		4F9C49A02448E9FD00B6CF3E /* rick_and_morty.ttf in Resources */ = {isa = PBXBuildFile; fileRef = 4F9C498C2448E9D300B6CF3E /* rick_and_morty.ttf */; };
		4F9C49A12448E9FD00B6CF3E /* get_schwifty.ttf in Resources */ = {isa = PBXBuildFile; fileRef = 4F9C498D2448E9D300B6CF3E /* get_schwifty.ttf */; };
		4F9C49A22448EA0200B6CF3E /* CustomProductsScene.storyboard in Resources */ = {isa = PBXBuildFile; fileRef = 4F9C49972448E9D300B6CF3E /* CustomProductsScene.storyboard */; };
		4F9C49A32448EA0200B6CF3E /* CustomProductsVC.swift in Sources */ = {isa = PBXBuildFile; fileRef = 4F9C49982448E9D300B6CF3E /* CustomProductsVC.swift */; };
		4F9C49A42448EA0200B6CF3E /* CustomStartVC.swift in Sources */ = {isa = PBXBuildFile; fileRef = 4F9C49992448E9D300B6CF3E /* CustomStartVC.swift */; };
		4F9C49A52448EA0200B6CF3E /* CustomOnboardingPageVC.swift in Sources */ = {isa = PBXBuildFile; fileRef = 4F9C499A2448E9D300B6CF3E /* CustomOnboardingPageVC.swift */; };
		4F9C49A62448EA0200B6CF3E /* CustomPortfelHeaderVC.swift in Sources */ = {isa = PBXBuildFile; fileRef = 4F9C499B2448E9D300B6CF3E /* CustomPortfelHeaderVC.swift */; };
		4F9C49A72448EA0600B6CF3E /* UIButton.swift in Sources */ = {isa = PBXBuildFile; fileRef = 4F9C49942448E9D300B6CF3E /* UIButton.swift */; };
		4F9C49A82448EA0B00B6CF3E /* BroTextField.swift in Sources */ = {isa = PBXBuildFile; fileRef = 4F9C49952448E9D300B6CF3E /* BroTextField.swift */; };
		4F9C49A92448EA6800B6CF3E /* LaunchScreen.storyboard in Resources */ = {isa = PBXBuildFile; fileRef = 4F9C49882448E9C000B6CF3E /* LaunchScreen.storyboard */; };
		64DF9A2117940C68D8D62A66 /* Pods_BrokerAppDemo.framework in Frameworks */ = {isa = PBXBuildFile; fileRef = F4AAFC1AB31721B0C41DCCFF /* Pods_BrokerAppDemo.framework */; };
		6D19C5C123DDDE0800BFA734 /* AppDelegate.swift in Sources */ = {isa = PBXBuildFile; fileRef = 6D19C5C023DDDE0800BFA734 /* AppDelegate.swift */; };
		6D19C5CA23DDDE0C00BFA734 /* Assets.xcassets in Resources */ = {isa = PBXBuildFile; fileRef = 6D19C5C923DDDE0C00BFA734 /* Assets.xcassets */; };
		6DF5A6DF23DE132E0086B040 /* main.swift in Sources */ = {isa = PBXBuildFile; fileRef = 6DF5A6DE23DE132E0086B040 /* main.swift */; };
/* End PBXBuildFile section */

/* Begin PBXFileReference section */
		03786C6623DF2B5E0098F325 /* wildcard_broker_ru.cer */ = {isa = PBXFileReference; lastKnownFileType = file; path = wildcard_broker_ru.cer; sourceTree = "<group>"; };
		4F9C49882448E9C000B6CF3E /* LaunchScreen.storyboard */ = {isa = PBXFileReference; lastKnownFileType = file.storyboard; path = LaunchScreen.storyboard; sourceTree = "<group>"; };
		4F9C49892448E9C500B6CF3E /* Customizer.swift */ = {isa = PBXFileReference; lastKnownFileType = sourcecode.swift; path = Customizer.swift; sourceTree = "<group>"; };
		4F9C498C2448E9D300B6CF3E /* rick_and_morty.ttf */ = {isa = PBXFileReference; lastKnownFileType = file; path = rick_and_morty.ttf; sourceTree = "<group>"; };
		4F9C498D2448E9D300B6CF3E /* get_schwifty.ttf */ = {isa = PBXFileReference; lastKnownFileType = file; path = get_schwifty.ttf; sourceTree = "<group>"; };
		4F9C498F2448E9D300B6CF3E /* CustomBrokerAppFactory.swift */ = {isa = PBXFileReference; lastKnownFileType = sourcecode.swift; path = CustomBrokerAppFactory.swift; sourceTree = "<group>"; };
		4F9C49902448E9D300B6CF3E /* CustomAuthModuleFactory.swift */ = {isa = PBXFileReference; lastKnownFileType = sourcecode.swift; path = CustomAuthModuleFactory.swift; sourceTree = "<group>"; };
		4F9C49912448E9D300B6CF3E /* CustomPortfelModuleFactory.swift */ = {isa = PBXFileReference; lastKnownFileType = sourcecode.swift; path = CustomPortfelModuleFactory.swift; sourceTree = "<group>"; };
		4F9C49922448E9D300B6CF3E /* CustomUIKitModuleFactory.swift */ = {isa = PBXFileReference; lastKnownFileType = sourcecode.swift; path = CustomUIKitModuleFactory.swift; sourceTree = "<group>"; };
		4F9C49942448E9D300B6CF3E /* UIButton.swift */ = {isa = PBXFileReference; lastKnownFileType = sourcecode.swift; path = UIButton.swift; sourceTree = "<group>"; };
		4F9C49952448E9D300B6CF3E /* BroTextField.swift */ = {isa = PBXFileReference; lastKnownFileType = sourcecode.swift; path = BroTextField.swift; sourceTree = "<group>"; };
		4F9C49972448E9D300B6CF3E /* CustomProductsScene.storyboard */ = {isa = PBXFileReference; lastKnownFileType = file.storyboard; path = CustomProductsScene.storyboard; sourceTree = "<group>"; };
		4F9C49982448E9D300B6CF3E /* CustomProductsVC.swift */ = {isa = PBXFileReference; lastKnownFileType = sourcecode.swift; path = CustomProductsVC.swift; sourceTree = "<group>"; };
		4F9C49992448E9D300B6CF3E /* CustomStartVC.swift */ = {isa = PBXFileReference; lastKnownFileType = sourcecode.swift; path = CustomStartVC.swift; sourceTree = "<group>"; };
		4F9C499A2448E9D300B6CF3E /* CustomOnboardingPageVC.swift */ = {isa = PBXFileReference; lastKnownFileType = sourcecode.swift; path = CustomOnboardingPageVC.swift; sourceTree = "<group>"; };
		4F9C499B2448E9D300B6CF3E /* CustomPortfelHeaderVC.swift */ = {isa = PBXFileReference; lastKnownFileType = sourcecode.swift; path = CustomPortfelHeaderVC.swift; sourceTree = "<group>"; };
		6D19C5BD23DDDE0800BFA734 /* MyBroker.app */ = {isa = PBXFileReference; explicitFileType = wrapper.application; includeInIndex = 0; path = MyBroker.app; sourceTree = BUILT_PRODUCTS_DIR; };
		6D19C5C023DDDE0800BFA734 /* AppDelegate.swift */ = {isa = PBXFileReference; lastKnownFileType = sourcecode.swift; path = AppDelegate.swift; sourceTree = "<group>"; };
		6D19C5C923DDDE0C00BFA734 /* Assets.xcassets */ = {isa = PBXFileReference; lastKnownFileType = folder.assetcatalog; path = Assets.xcassets; sourceTree = "<group>"; };
		6D19C5CE23DDDE0C00BFA734 /* Info.plist */ = {isa = PBXFileReference; lastKnownFileType = text.plist.xml; path = Info.plist; sourceTree = "<group>"; };
		6DF5A6DE23DE132E0086B040 /* main.swift */ = {isa = PBXFileReference; lastKnownFileType = sourcecode.swift; path = main.swift; sourceTree = "<group>"; };
		794D51C3D02581451D8E9F94 /* Pods-BrokerAppDemo.release.xcconfig */ = {isa = PBXFileReference; includeInIndex = 1; lastKnownFileType = text.xcconfig; name = "Pods-BrokerAppDemo.release.xcconfig"; path = "Target Support Files/Pods-BrokerAppDemo/Pods-BrokerAppDemo.release.xcconfig"; sourceTree = "<group>"; };
		E1CCE7B5C063066CDC3950B4 /* Pods-BrokerAppDemo.debug.xcconfig */ = {isa = PBXFileReference; includeInIndex = 1; lastKnownFileType = text.xcconfig; name = "Pods-BrokerAppDemo.debug.xcconfig"; path = "Target Support Files/Pods-BrokerAppDemo/Pods-BrokerAppDemo.debug.xcconfig"; sourceTree = "<group>"; };
		F4AAFC1AB31721B0C41DCCFF /* Pods_BrokerAppDemo.framework */ = {isa = PBXFileReference; explicitFileType = wrapper.framework; includeInIndex = 0; path = Pods_BrokerAppDemo.framework; sourceTree = BUILT_PRODUCTS_DIR; };
/* End PBXFileReference section */

/* Begin PBXFrameworksBuildPhase section */
		6D19C5BA23DDDE0800BFA734 /* Frameworks */ = {
			isa = PBXFrameworksBuildPhase;
			buildActionMask = 2147483647;
			files = (
				64DF9A2117940C68D8D62A66 /* Pods_BrokerAppDemo.framework in Frameworks */,
			);
			runOnlyForDeploymentPostprocessing = 0;
		};
/* End PBXFrameworksBuildPhase section */

/* Begin PBXGroup section */
		03786C6523DF2B5E0098F325 /* Certificates */ = {
			isa = PBXGroup;
			children = (
				03786C6623DF2B5E0098F325 /* wildcard_broker_ru.cer */,
			);
			path = Certificates;
			sourceTree = "<group>";
		};
		1040CC7C2B25902B12C59817 /* Pods */ = {
			isa = PBXGroup;
			children = (
				E1CCE7B5C063066CDC3950B4 /* Pods-BrokerAppDemo.debug.xcconfig */,
				794D51C3D02581451D8E9F94 /* Pods-BrokerAppDemo.release.xcconfig */,
			);
			path = Pods;
			sourceTree = "<group>";
		};
		4F9C498B2448E9D300B6CF3E /* Fonts */ = {
			isa = PBXGroup;
			children = (
				4F9C498C2448E9D300B6CF3E /* rick_and_morty.ttf */,
				4F9C498D2448E9D300B6CF3E /* get_schwifty.ttf */,
			);
			path = Fonts;
			sourceTree = "<group>";
		};
		4F9C498E2448E9D300B6CF3E /* Factories */ = {
			isa = PBXGroup;
			children = (
				4F9C498F2448E9D300B6CF3E /* CustomBrokerAppFactory.swift */,
				4F9C49902448E9D300B6CF3E /* CustomAuthModuleFactory.swift */,
				4F9C49912448E9D300B6CF3E /* CustomPortfelModuleFactory.swift */,
				4F9C49922448E9D300B6CF3E /* CustomUIKitModuleFactory.swift */,
			);
			path = Factories;
			sourceTree = "<group>";
		};
		4F9C49932448E9D300B6CF3E /* Themes */ = {
			isa = PBXGroup;
			children = (
				4F9C49942448E9D300B6CF3E /* UIButton.swift */,
				4F9C49952448E9D300B6CF3E /* BroTextField.swift */,
			);
			path = Themes;
			sourceTree = "<group>";
		};
		4F9C49962448E9D300B6CF3E /* Scenes */ = {
			isa = PBXGroup;
			children = (
				4F9C49972448E9D300B6CF3E /* CustomProductsScene.storyboard */,
				4F9C49982448E9D300B6CF3E /* CustomProductsVC.swift */,
				4F9C49992448E9D300B6CF3E /* CustomStartVC.swift */,
				4F9C499A2448E9D300B6CF3E /* CustomOnboardingPageVC.swift */,
				4F9C499B2448E9D300B6CF3E /* CustomPortfelHeaderVC.swift */,
			);
			path = Scenes;
			sourceTree = "<group>";
		};
		6D19C5B423DDDE0800BFA734 = {
			isa = PBXGroup;
			children = (
				6D19C5BF23DDDE0800BFA734 /* BrokerAppDemo */,
				6D19C5BE23DDDE0800BFA734 /* Products */,
				1040CC7C2B25902B12C59817 /* Pods */,
				D78D5327898AC2A0971C16BA /* Frameworks */,
			);
			sourceTree = "<group>";
		};
		6D19C5BE23DDDE0800BFA734 /* Products */ = {
			isa = PBXGroup;
			children = (
				6D19C5BD23DDDE0800BFA734 /* MyBroker.app */,
			);
			name = Products;
			sourceTree = "<group>";
		};
		6D19C5BF23DDDE0800BFA734 /* BrokerAppDemo */ = {
			isa = PBXGroup;
			children = (
				4F9C498E2448E9D300B6CF3E /* Factories */,
				4F9C498B2448E9D300B6CF3E /* Fonts */,
				4F9C49962448E9D300B6CF3E /* Scenes */,
				4F9C49932448E9D300B6CF3E /* Themes */,
				03786C6523DF2B5E0098F325 /* Certificates */,
				6D19C5C023DDDE0800BFA734 /* AppDelegate.swift */,
				4F9C49882448E9C000B6CF3E /* LaunchScreen.storyboard */,
				4F9C49892448E9C500B6CF3E /* Customizer.swift */,
				6D19C5C923DDDE0C00BFA734 /* Assets.xcassets */,
				6D19C5CE23DDDE0C00BFA734 /* Info.plist */,
				6DF5A6DE23DE132E0086B040 /* main.swift */,
			);
			path = BrokerAppDemo;
			sourceTree = "<group>";
		};
		D78D5327898AC2A0971C16BA /* Frameworks */ = {
			isa = PBXGroup;
			children = (
				F4AAFC1AB31721B0C41DCCFF /* Pods_BrokerAppDemo.framework */,
			);
			name = Frameworks;
			sourceTree = "<group>";
		};
/* End PBXGroup section */

/* Begin PBXNativeTarget section */
		6D19C5BC23DDDE0800BFA734 /* BrokerAppDemo */ = {
			isa = PBXNativeTarget;
			buildConfigurationList = 6D19C5D123DDDE0C00BFA734 /* Build configuration list for PBXNativeTarget "BrokerAppDemo" */;
			buildPhases = (
				4543BD11F558798BB49CE67B /* [CP] Check Pods Manifest.lock */,
				6D19C5B923DDDE0800BFA734 /* Sources */,
				6D19C5BA23DDDE0800BFA734 /* Frameworks */,
				6D19C5BB23DDDE0800BFA734 /* Resources */,
				2059D70F2CE81AAED7C4FF5B /* [CP] Embed Pods Frameworks */,
			);
			buildRules = (
			);
			dependencies = (
			);
			name = BrokerAppDemo;
			productName = BrokerAppDemo;
			productReference = 6D19C5BD23DDDE0800BFA734 /* MyBroker.app */;
			productType = "com.apple.product-type.application";
		};
/* End PBXNativeTarget section */

/* Begin PBXProject section */
		6D19C5B523DDDE0800BFA734 /* Project object */ = {
			isa = PBXProject;
			attributes = {
				LastSwiftUpdateCheck = 1120;
				LastUpgradeCheck = 1120;
				ORGANIZATIONNAME = BCS;
				TargetAttributes = {
					6D19C5BC23DDDE0800BFA734 = {
						CreatedOnToolsVersion = 11.2.1;
					};
				};
			};
			buildConfigurationList = 6D19C5B823DDDE0800BFA734 /* Build configuration list for PBXProject "BrokerAppDemo" */;
			compatibilityVersion = "Xcode 10.0";
			developmentRegion = en;
			hasScannedForEncodings = 0;
			knownRegions = (
				en,
				Base,
			);
			mainGroup = 6D19C5B423DDDE0800BFA734;
			productRefGroup = 6D19C5BE23DDDE0800BFA734 /* Products */;
			projectDirPath = "";
			projectRoot = "";
			targets = (
				6D19C5BC23DDDE0800BFA734 /* BrokerAppDemo */,
			);
		};
/* End PBXProject section */

/* Begin PBXResourcesBuildPhase section */
		6D19C5BB23DDDE0800BFA734 /* Resources */ = {
			isa = PBXResourcesBuildPhase;
			buildActionMask = 2147483647;
			files = (
				4F9C49A12448E9FD00B6CF3E /* get_schwifty.ttf in Resources */,
				03786C6723DF2B5E0098F325 /* wildcard_broker_ru.cer in Resources */,
				4F9C49A22448EA0200B6CF3E /* CustomProductsScene.storyboard in Resources */,
				4F9C49A92448EA6800B6CF3E /* LaunchScreen.storyboard in Resources */,
				4F9C49A02448E9FD00B6CF3E /* rick_and_morty.ttf in Resources */,
				6D19C5CA23DDDE0C00BFA734 /* Assets.xcassets in Resources */,
			);
			runOnlyForDeploymentPostprocessing = 0;
		};
/* End PBXResourcesBuildPhase section */

/* Begin PBXShellScriptBuildPhase section */
		2059D70F2CE81AAED7C4FF5B /* [CP] Embed Pods Frameworks */ = {
			isa = PBXShellScriptBuildPhase;
			buildActionMask = 2147483647;
			files = (
			);
			inputFileListPaths = (
				"${PODS_ROOT}/Target Support Files/Pods-BrokerAppDemo/Pods-BrokerAppDemo-frameworks-${CONFIGURATION}-input-files.xcfilelist",
			);
			name = "[CP] Embed Pods Frameworks";
			outputFileListPaths = (
				"${PODS_ROOT}/Target Support Files/Pods-BrokerAppDemo/Pods-BrokerAppDemo-frameworks-${CONFIGURATION}-output-files.xcfilelist",
			);
			runOnlyForDeploymentPostprocessing = 0;
			shellPath = /bin/sh;
			shellScript = "\"${PODS_ROOT}/Target Support Files/Pods-BrokerAppDemo/Pods-BrokerAppDemo-frameworks.sh\"\n";
			showEnvVarsInLog = 0;
		};
		4543BD11F558798BB49CE67B /* [CP] Check Pods Manifest.lock */ = {
			isa = PBXShellScriptBuildPhase;
			buildActionMask = 2147483647;
			files = (
			);
			inputFileListPaths = (
			);
			inputPaths = (
				"${PODS_PODFILE_DIR_PATH}/Podfile.lock",
				"${PODS_ROOT}/Manifest.lock",
			);
			name = "[CP] Check Pods Manifest.lock";
			outputFileListPaths = (
			);
			outputPaths = (
				"$(DERIVED_FILE_DIR)/Pods-BrokerAppDemo-checkManifestLockResult.txt",
			);
			runOnlyForDeploymentPostprocessing = 0;
			shellPath = /bin/sh;
			shellScript = "diff \"${PODS_PODFILE_DIR_PATH}/Podfile.lock\" \"${PODS_ROOT}/Manifest.lock\" > /dev/null\nif [ $? != 0 ] ; then\n    # print error to STDERR\n    echo \"error: The sandbox is not in sync with the Podfile.lock. Run 'pod install' or update your CocoaPods installation.\" >&2\n    exit 1\nfi\n# This output is used by Xcode 'outputs' to avoid re-running this script phase.\necho \"SUCCESS\" > \"${SCRIPT_OUTPUT_FILE_0}\"\n";
			showEnvVarsInLog = 0;
		};
/* End PBXShellScriptBuildPhase section */

/* Begin PBXSourcesBuildPhase section */
		6D19C5B923DDDE0800BFA734 /* Sources */ = {
			isa = PBXSourcesBuildPhase;
			buildActionMask = 2147483647;
			files = (
				4F9C499D2448E9EA00B6CF3E /* CustomAuthModuleFactory.swift in Sources */,
				4F9C49A32448EA0200B6CF3E /* CustomProductsVC.swift in Sources */,
				4F9C499C2448E9EA00B6CF3E /* CustomBrokerAppFactory.swift in Sources */,
				4F9C499E2448E9EA00B6CF3E /* CustomPortfelModuleFactory.swift in Sources */,
				6DF5A6DF23DE132E0086B040 /* main.swift in Sources */,
				4F9C498A2448E9C500B6CF3E /* Customizer.swift in Sources */,
				4F9C49A62448EA0200B6CF3E /* CustomPortfelHeaderVC.swift in Sources */,
				4F9C49A82448EA0B00B6CF3E /* BroTextField.swift in Sources */,
				6D19C5C123DDDE0800BFA734 /* AppDelegate.swift in Sources */,
				4F9C49A52448EA0200B6CF3E /* CustomOnboardingPageVC.swift in Sources */,
				4F9C499F2448E9EA00B6CF3E /* CustomUIKitModuleFactory.swift in Sources */,
				4F9C49A42448EA0200B6CF3E /* CustomStartVC.swift in Sources */,
				4F9C49A72448EA0600B6CF3E /* UIButton.swift in Sources */,
			);
			runOnlyForDeploymentPostprocessing = 0;
		};
/* End PBXSourcesBuildPhase section */

/* Begin XCBuildConfiguration section */
		6D19C5CF23DDDE0C00BFA734 /* Debug */ = {
			isa = XCBuildConfiguration;
			buildSettings = {
				ALWAYS_SEARCH_USER_PATHS = NO;
				CLANG_ANALYZER_NONNULL = YES;
				CLANG_ANALYZER_NUMBER_OBJECT_CONVERSION = YES_AGGRESSIVE;
				CLANG_CXX_LANGUAGE_STANDARD = "gnu++14";
				CLANG_CXX_LIBRARY = "libc++";
				CLANG_ENABLE_MODULES = YES;
				CLANG_ENABLE_OBJC_ARC = YES;
				CLANG_ENABLE_OBJC_WEAK = YES;
				CLANG_WARN_BLOCK_CAPTURE_AUTORELEASING = YES;
				CLANG_WARN_BOOL_CONVERSION = YES;
				CLANG_WARN_COMMA = YES;
				CLANG_WARN_CONSTANT_CONVERSION = YES;
				CLANG_WARN_DEPRECATED_OBJC_IMPLEMENTATIONS = YES;
				CLANG_WARN_DIRECT_OBJC_ISA_USAGE = YES_ERROR;
				CLANG_WARN_DOCUMENTATION_COMMENTS = YES;
				CLANG_WARN_EMPTY_BODY = YES;
				CLANG_WARN_ENUM_CONVERSION = YES;
				CLANG_WARN_INFINITE_RECURSION = YES;
				CLANG_WARN_INT_CONVERSION = YES;
				CLANG_WARN_NON_LITERAL_NULL_CONVERSION = YES;
				CLANG_WARN_OBJC_IMPLICIT_RETAIN_SELF = YES;
				CLANG_WARN_OBJC_LITERAL_CONVERSION = YES;
				CLANG_WARN_OBJC_ROOT_CLASS = YES_ERROR;
				CLANG_WARN_RANGE_LOOP_ANALYSIS = YES;
				CLANG_WARN_STRICT_PROTOTYPES = YES;
				CLANG_WARN_SUSPICIOUS_MOVE = YES;
				CLANG_WARN_UNGUARDED_AVAILABILITY = YES_AGGRESSIVE;
				CLANG_WARN_UNREACHABLE_CODE = YES;
				CLANG_WARN__DUPLICATE_METHOD_MATCH = YES;
				COPY_PHASE_STRIP = NO;
				DEBUG_INFORMATION_FORMAT = dwarf;
				ENABLE_STRICT_OBJC_MSGSEND = YES;
				ENABLE_TESTABILITY = YES;
				GCC_C_LANGUAGE_STANDARD = gnu11;
				GCC_DYNAMIC_NO_PIC = NO;
				GCC_NO_COMMON_BLOCKS = YES;
				GCC_OPTIMIZATION_LEVEL = 0;
				GCC_PREPROCESSOR_DEFINITIONS = (
					"DEBUG=1",
					"$(inherited)",
				);
				GCC_WARN_64_TO_32_BIT_CONVERSION = YES;
				GCC_WARN_ABOUT_RETURN_TYPE = YES_ERROR;
				GCC_WARN_UNDECLARED_SELECTOR = YES;
				GCC_WARN_UNINITIALIZED_AUTOS = YES_AGGRESSIVE;
				GCC_WARN_UNUSED_FUNCTION = YES;
				GCC_WARN_UNUSED_VARIABLE = YES;
				IPHONEOS_DEPLOYMENT_TARGET = 11.0;
				MTL_ENABLE_DEBUG_INFO = INCLUDE_SOURCE;
				MTL_FAST_MATH = YES;
				ONLY_ACTIVE_ARCH = YES;
				SDKROOT = iphoneos;
				SWIFT_ACTIVE_COMPILATION_CONDITIONS = DEBUG;
				SWIFT_OPTIMIZATION_LEVEL = "-Onone";
			};
			name = Debug;
		};
		6D19C5D023DDDE0C00BFA734 /* Release */ = {
			isa = XCBuildConfiguration;
			buildSettings = {
				ALWAYS_SEARCH_USER_PATHS = NO;
				CLANG_ANALYZER_NONNULL = YES;
				CLANG_ANALYZER_NUMBER_OBJECT_CONVERSION = YES_AGGRESSIVE;
				CLANG_CXX_LANGUAGE_STANDARD = "gnu++14";
				CLANG_CXX_LIBRARY = "libc++";
				CLANG_ENABLE_MODULES = YES;
				CLANG_ENABLE_OBJC_ARC = YES;
				CLANG_ENABLE_OBJC_WEAK = YES;
				CLANG_WARN_BLOCK_CAPTURE_AUTORELEASING = YES;
				CLANG_WARN_BOOL_CONVERSION = YES;
				CLANG_WARN_COMMA = YES;
				CLANG_WARN_CONSTANT_CONVERSION = YES;
				CLANG_WARN_DEPRECATED_OBJC_IMPLEMENTATIONS = YES;
				CLANG_WARN_DIRECT_OBJC_ISA_USAGE = YES_ERROR;
				CLANG_WARN_DOCUMENTATION_COMMENTS = YES;
				CLANG_WARN_EMPTY_BODY = YES;
				CLANG_WARN_ENUM_CONVERSION = YES;
				CLANG_WARN_INFINITE_RECURSION = YES;
				CLANG_WARN_INT_CONVERSION = YES;
				CLANG_WARN_NON_LITERAL_NULL_CONVERSION = YES;
				CLANG_WARN_OBJC_IMPLICIT_RETAIN_SELF = YES;
				CLANG_WARN_OBJC_LITERAL_CONVERSION = YES;
				CLANG_WARN_OBJC_ROOT_CLASS = YES_ERROR;
				CLANG_WARN_RANGE_LOOP_ANALYSIS = YES;
				CLANG_WARN_STRICT_PROTOTYPES = YES;
				CLANG_WARN_SUSPICIOUS_MOVE = YES;
				CLANG_WARN_UNGUARDED_AVAILABILITY = YES_AGGRESSIVE;
				CLANG_WARN_UNREACHABLE_CODE = YES;
				CLANG_WARN__DUPLICATE_METHOD_MATCH = YES;
				COPY_PHASE_STRIP = NO;
				DEBUG_INFORMATION_FORMAT = "dwarf-with-dsym";
				ENABLE_NS_ASSERTIONS = NO;
				ENABLE_STRICT_OBJC_MSGSEND = YES;
				GCC_C_LANGUAGE_STANDARD = gnu11;
				GCC_NO_COMMON_BLOCKS = YES;
				GCC_WARN_64_TO_32_BIT_CONVERSION = YES;
				GCC_WARN_ABOUT_RETURN_TYPE = YES_ERROR;
				GCC_WARN_UNDECLARED_SELECTOR = YES;
				GCC_WARN_UNINITIALIZED_AUTOS = YES_AGGRESSIVE;
				GCC_WARN_UNUSED_FUNCTION = YES;
				GCC_WARN_UNUSED_VARIABLE = YES;
				IPHONEOS_DEPLOYMENT_TARGET = 11.0;
				MTL_ENABLE_DEBUG_INFO = NO;
				MTL_FAST_MATH = YES;
				SDKROOT = iphoneos;
				SWIFT_COMPILATION_MODE = wholemodule;
				SWIFT_OPTIMIZATION_LEVEL = "-O";
				VALIDATE_PRODUCT = YES;
			};
			name = Release;
		};
		6D19C5D223DDDE0C00BFA734 /* Debug */ = {
			isa = XCBuildConfiguration;
			baseConfigurationReference = E1CCE7B5C063066CDC3950B4 /* Pods-BrokerAppDemo.debug.xcconfig */;
			buildSettings = {
				ASSETCATALOG_COMPILER_APPICON_NAME = AppIcon;
				CODE_SIGN_IDENTITY = "iPhone Distribution";
				CODE_SIGN_STYLE = Manual;
				CURRENT_PROJECT_VERSION = 1;
				DEVELOPMENT_TEAM = B92M3CX86P;
				INFOPLIST_FILE = BrokerAppDemo/Info.plist;
				IPHONEOS_DEPLOYMENT_TARGET = 11.0;
				LD_RUNPATH_SEARCH_PATHS = (
					"$(inherited)",
					"@executable_path/Frameworks",
				);
				MARKETING_VERSION = 1.0;
				PRODUCT_BUNDLE_IDENTIFIER = ru.bcs.broker.framework.demo.customizedapp;
				PRODUCT_NAME = MyBroker;
				PROVISIONING_PROFILE_SPECIFIER = "BCS Broker Demo App (InHouse)";
				SWIFT_VERSION = 5.0;
				TARGETED_DEVICE_FAMILY = "1,2";
				VALID_ARCHS = "arm64 arm64e";
				"VALID_ARCHS[sdk=iphoneos*]" = "arm64 arm64e";
				"VALID_ARCHS[sdk=iphonesimulator*]" = x86_64;
			};
			name = Debug;
		};
		6D19C5D323DDDE0C00BFA734 /* Release */ = {
			isa = XCBuildConfiguration;
			baseConfigurationReference = 794D51C3D02581451D8E9F94 /* Pods-BrokerAppDemo.release.xcconfig */;
			buildSettings = {
				ASSETCATALOG_COMPILER_APPICON_NAME = AppIcon;
				CODE_SIGN_IDENTITY = "iPhone Distribution";
				CODE_SIGN_STYLE = Manual;
				CURRENT_PROJECT_VERSION = 1;
				DEVELOPMENT_TEAM = B92M3CX86P;
				INFOPLIST_FILE = BrokerAppDemo/Info.plist;
				IPHONEOS_DEPLOYMENT_TARGET = 11.0;
				LD_RUNPATH_SEARCH_PATHS = (
					"$(inherited)",
					"@executable_path/Frameworks",
				);
				MARKETING_VERSION = 1.0;
				PRODUCT_BUNDLE_IDENTIFIER = ru.bcs.broker.framework.demo.customizedapp;
				PRODUCT_NAME = MyBroker;
				PROVISIONING_PROFILE_SPECIFIER = "BCS Broker Demo App (InHouse)";
				SWIFT_VERSION = 5.0;
				TARGETED_DEVICE_FAMILY = "1,2";
				VALID_ARCHS = "arm64 arm64e";
				"VALID_ARCHS[sdk=iphoneos*]" = "arm64 arm64e";
				"VALID_ARCHS[sdk=iphonesimulator*]" = x86_64;
			};
			name = Release;
		};
/* End XCBuildConfiguration section */

/* Begin XCConfigurationList section */
		6D19C5B823DDDE0800BFA734 /* Build configuration list for PBXProject "BrokerAppDemo" */ = {
			isa = XCConfigurationList;
			buildConfigurations = (
				6D19C5CF23DDDE0C00BFA734 /* Debug */,
				6D19C5D023DDDE0C00BFA734 /* Release */,
			);
			defaultConfigurationIsVisible = 0;
			defaultConfigurationName = Release;
		};
		6D19C5D123DDDE0C00BFA734 /* Build configuration list for PBXNativeTarget "BrokerAppDemo" */ = {
			isa = XCConfigurationList;
			buildConfigurations = (
				6D19C5D223DDDE0C00BFA734 /* Debug */,
				6D19C5D323DDDE0C00BFA734 /* Release */,
			);
			defaultConfigurationIsVisible = 0;
			defaultConfigurationName = Release;
		};
/* End XCConfigurationList section */
	};
	rootObject = 6D19C5B523DDDE0800BFA734 /* Project object */;
}
